# This file was autogenerated by Stack.
# You should not edit this file by hand.
# For more information, please see the documentation at:
#   https://docs.haskellstack.org/en/stable/lock_files

packages:
- completed:
    hackage: list-extras-0.4.1.6@sha256:2b8b7c2632f7a98ee94c74bcb836ba2df7c7089ac7ccb16b6e11aa9df4b20c21,2691
    pantry-tree:
      sha256: 1fe5ad799304cce0d005068d6bcbc0a8ce4c26c1268d3580aa4cbdf7279ae4f2
      size: 596
  original:
    hackage: list-extras-0.4.1.6
- completed:
    hackage: sbv-9.0@sha256:e1dc8665386b14e62c9eb98e59bd665b3ae85f8089e4d85bed65f49bc3556a23,24513
    pantry-tree:
      sha256: b1990b555bed3601bae8cf85dc8794b07ce546ac91f7fb107450097a1229c199
      size: 64588
  original:
    hackage: sbv-9.0
- completed:
    hackage: vector-0.12.3.1@sha256:fffbd00912d69ed7be9bc7eeb09f4f475e0d243ec43f916a9fd5bbd219ce7f3e,8238
    pantry-tree:
      sha256: 0537bb4fc4d6aba4ba970cf4aa82feda0227441a6b60ceb4a5b5c8618837f248
      size: 3842
  original:
    hackage: vector-0.12.3.1
- completed:
    hackage: bytestring-0.11.3.1@sha256:0cc97b237df9a34d12de37973ad306391e24b0c262387c4d846bb8d1d65699dd,7339
    pantry-tree:
      sha256: c0097091b5524b6ddb060829e06d44b321436052b4fcfb137c1ee5052c1d666b
      size: 3946
  original:
    hackage: bytestring-0.11.3.1
- completed:
    hackage: graphite-0.10.0.1@sha256:3251cac197073670e77cf631e878b370d769b29e2324001105ff0840181fdf66,2510
    pantry-tree:
      sha256: 8a2b8d6f6a4efa6e22689a5de15fc5a40ffb4f432c170551bdfd83348edcc6d8
      size: 1345
  original:
    hackage: graphite-0.10.0.1
- completed:
    hackage: graphviz-2999.20.1.0@sha256:772573528d5e4fe5f818eb00d6f126306d109e38474fd12da55c672960b81e84,7935
    pantry-tree:
      sha256: b5ed2a1b0a13fa950330ee166e18acc839b6e65fe333c9273646c587cc4fecb1
      size: 4322
  original:
    hackage: graphviz-2999.20.1.0
- completed:
    hackage: text-1.2.5.0@sha256:791f0f6c97ed96113f17ab520cf0efe1a3a4f883a8c85910a5660567c8241c40,7895
    pantry-tree:
      sha256: f41504ec5c04a3f3358ef104362f02fdef29cbce4e5e4e6dbd6b6db70c40d4bf
      size: 7395
  original:
    hackage: text-1.2.5.0
- completed:
    hackage: matrix-0.3.6.1@sha256:96ab17d9a959cd5c0e9e6db5bc48069dba5f6fa17f7f4aea838d22f35e7bc047,1941
    pantry-tree:
      sha256: f04e95e139e7463809a1e30204f339a9b7938cf0aa54c74f68ac788aad3e316d
      size: 417
  original:
    hackage: matrix-0.3.6.1
- completed:
    hackage: split-0.2.3.5@sha256:f472fa7019647cacac3267742a6f7ac0a5c816f9890e80e4b826cd937436de87,2646
    pantry-tree:
      sha256: 516449cf535bbfc78cf1a5795d28dd1e0f19b65a07c33a78b45566101fecc534
      size: 439
  original:
    hackage: split-0.2.3.5
snapshots:
- completed:
    sha256: 3770dfd79f5aed67acdcc65c4e7730adddffe6dba79ea723cfb0918356fc0f94
    size: 648660
    url: https://raw.githubusercontent.com/commercialhaskell/stackage-snapshots/master/lts/20/4.yaml
  original:
    url: https://raw.githubusercontent.com/commercialhaskell/stackage-snapshots/master/lts/20/4.yaml
